Microsoft Visual Studio Solution File, Format Version 12.00
# Visual Studio Version 17
VisualStudioVersion = 17.5.2.0
MinimumVisualStudioVersion = 10.0.40219.1
Project("{2150E333-8FDC-42A3-9474-1A3956D46DE8}") = "MesadeAyuda", "MesadeAyuda", "{9141E598-D569-F28A-F8E3-6E4134393700}"
EndProject
Project("{FAE04EC0-301F-11D3-BF4B-00C04F79EFBC}") = "HelpDeskAPI", "MesadeAyuda\HelpDeskAPI\HelpDeskAPI.csproj", "{0C0ACA78-C22C-7EE0-D43F-92F1DE0FDDB9}"
EndProject
Global
	GlobalSection(SolutionConfigurationPlatforms) = preSolution
		Debug|Any CPU = Debug|Any CPU
		Release|Any CPU = Release|Any CPU
	EndGlobalSection
	GlobalSection(ProjectConfigurationPlatforms) = postSolution
		{0C0ACA78-C22C-7EE0-D43F-92F1DE0FDDB9}.Debug|Any CPU.ActiveCfg = Debug|Any CPU
		{0C0ACA78-C22C-7EE0-D43F-92F1DE0FDDB9}.Debug|Any CPU.Build.0 = Debug|Any CPU
		{0C0ACA78-C22C-7EE0-D43F-92F1DE0FDDB9}.Release|Any CPU.ActiveCfg = Release|Any CPU
		{0C0ACA78-C22C-7EE0-D43F-92F1DE0FDDB9}.Release|Any CPU.Build.0 = Release|Any CPU
	EndGlobalSection
	GlobalSection(SolutionProperties) = preSolution
		HideSolutionNode = FALSE
	EndGlobalSection
	GlobalSection(NestedProjects) = preSolution
		{0C0ACA78-C22C-7EE0-D43F-92F1DE0FDDB9} = {9141E598-D569-F28A-F8E3-6E4134393700}
	EndGlobalSection
	GlobalSection(ExtensibilityGlobals) = postSolution
		SolutionGuid = {ABDD82EC-3611-4A38-BFFA-6578BED985E5}
	EndGlobalSection
EndGlobal
